
Microsoft Visual Studio Solution File, Format Version 12.00
# Visual Studio Version 16
VisualStudioVersion = 16.0.31105.61
MinimumVisualStudioVersion = 10.0.40219.1
Project("{FAE04EC0-301F-11D3-BF4B-00C04F79EFBC}") = "KMDExtractor", "KMDExtractor\KMDExtractor.csproj", "{3E4C919A-FAEE-414B-8744-E88AB44BB243}"
EndProject
Global
	GlobalSection(SolutionConfigurationPlatforms) = preSolution
		Debug|Any CPU = Debug|Any CPU
		Release|Any CPU = Release|Any CPU
	EndGlobalSection
	GlobalSection(ProjectConfigurationPlatforms) = postSolution
		{3E4C919A-FAEE-414B-8744-E88AB44BB243}.Debug|Any CPU.ActiveCfg = Debug|Any CPU
		{3E4C919A-FAEE-414B-8744-E88AB44BB243}.Debug|Any CPU.Build.0 = Debug|Any CPU
		{3E4C919A-FAEE-414B-8744-E88AB44BB243}.Release|Any CPU.ActiveCfg = Release|Any CPU
		{3E4C919A-FAEE-414B-8744-E88AB44BB243}.Release|Any CPU.Build.0 = Release|Any CPU
	EndGlobalSection
	GlobalSection(SolutionProperties) = preSolution
		HideSolutionNode = FALSE
	EndGlobalSection
	GlobalSection(ExtensibilityGlobals) = postSolution
		SolutionGuid = {4450BF8F-0AF1-4199-B5BD-D9CE34BDAD63}
	EndGlobalSection
EndGlobal
